
Microsoft Visual Studio Solution File, Format Version 12.00
# Visual Studio 15
VisualStudioVersion = 15.0.27130.2036
MinimumVisualStudioVersion = 10.0.40219.1
Project("{9A19103F-16F7-4668-BE54-9A1E7A4F7556}") = "Hello-Microservices", "Hello-Microservices.csproj", "{B472A3D4-CF3B-4957-B0BD-4AB650582C77}"
EndProject
Project("{9A19103F-16F7-4668-BE54-9A1E7A4F7556}") = "ShoppingCart.Library", "..\ShoppingCart.Library\ShoppingCart.Library.csproj", "{26DFAC85-3745-4B36-BA9D-8FAA5B4BD50B}"
EndProject
Project("{9A19103F-16F7-4668-BE54-9A1E7A4F7556}") = "ApiGateway-Console", "..\ApiGateway-Console\ApiGateway-Console.csproj", "{F4E850B8-F83A-4889-9404-BF61CCC25D71}"
EndProject
Project("{FAE04EC0-301F-11D3-BF4B-00C04F79EFBC}") = "LoyaltyProgram-UnitTests", "..\LoyaltyProgram-UnitTests\LoyaltyProgram-UnitTests.csproj", "{ECBB5381-E7A5-419D-8549-BA170BBAC870}"
EndProject
Global
	GlobalSection(SolutionConfigurationPlatforms) = preSolution
		Debug|Any CPU = Debug|Any CPU
		Release|Any CPU = Release|Any CPU
	EndGlobalSection
	GlobalSection(ProjectConfigurationPlatforms) = postSolution
		{B472A3D4-CF3B-4957-B0BD-4AB650582C77}.Debug|Any CPU.ActiveCfg = Debug|Any CPU
		{B472A3D4-CF3B-4957-B0BD-4AB650582C77}.Debug|Any CPU.Build.0 = Debug|Any CPU
		{B472A3D4-CF3B-4957-B0BD-4AB650582C77}.Release|Any CPU.ActiveCfg = Release|Any CPU
		{B472A3D4-CF3B-4957-B0BD-4AB650582C77}.Release|Any CPU.Build.0 = Release|Any CPU
		{26DFAC85-3745-4B36-BA9D-8FAA5B4BD50B}.Debug|Any CPU.ActiveCfg = Debug|Any CPU
		{26DFAC85-3745-4B36-BA9D-8FAA5B4BD50B}.Debug|Any CPU.Build.0 = Debug|Any CPU
		{26DFAC85-3745-4B36-BA9D-8FAA5B4BD50B}.Release|Any CPU.ActiveCfg = Release|Any CPU
		{26DFAC85-3745-4B36-BA9D-8FAA5B4BD50B}.Release|Any CPU.Build.0 = Release|Any CPU
		{F4E850B8-F83A-4889-9404-BF61CCC25D71}.Debug|Any CPU.ActiveCfg = Debug|Any CPU
		{F4E850B8-F83A-4889-9404-BF61CCC25D71}.Debug|Any CPU.Build.0 = Debug|Any CPU
		{F4E850B8-F83A-4889-9404-BF61CCC25D71}.Release|Any CPU.ActiveCfg = Release|Any CPU
		{F4E850B8-F83A-4889-9404-BF61CCC25D71}.Release|Any CPU.Build.0 = Release|Any CPU
		{ECBB5381-E7A5-419D-8549-BA170BBAC870}.Debug|Any CPU.ActiveCfg = Debug|Any CPU
		{ECBB5381-E7A5-419D-8549-BA170BBAC870}.Debug|Any CPU.Build.0 = Debug|Any CPU
		{ECBB5381-E7A5-419D-8549-BA170BBAC870}.Release|Any CPU.ActiveCfg = Release|Any CPU
		{ECBB5381-E7A5-419D-8549-BA170BBAC870}.Release|Any CPU.Build.0 = Release|Any CPU
	EndGlobalSection
	GlobalSection(SolutionProperties) = preSolution
		HideSolutionNode = FALSE
	EndGlobalSection
	GlobalSection(ExtensibilityGlobals) = postSolution
		SolutionGuid = {194B9DF2-2E32-4F36-8DCF-E3BA5E877254}
	EndGlobalSection
EndGlobal
